
Microsoft Visual Studio Solution File, Format Version 12.00
# Visual Studio Version 17
VisualStudioVersion = 17.9.34622.214
MinimumVisualStudioVersion = 10.0.40219.1
Project("{FAE04EC0-301F-11D3-BF4B-00C04F79EFBC}") = "MyCardsSystem.Server", "MyCardsSystem.Server\MyCardsSystem.Server.csproj", "{85EB70EE-9D1B-49A8-A8D4-9C1716BAE9C3}"
EndProject
Project("{54A90642-561A-4BB1-A94E-469ADEE60C69}") = "mycardssystem.client", "mycardssystem.client\mycardssystem.client.esproj", "{A9587146-57EF-454F-9DEB-EBFF94ED9E44}"
EndProject
Global
	GlobalSection(SolutionConfigurationPlatforms) = preSolution
		Debug|Any CPU = Debug|Any CPU
		Release|Any CPU = Release|Any CPU
	EndGlobalSection
	GlobalSection(ProjectConfigurationPlatforms) = postSolution
		{85EB70EE-9D1B-49A8-A8D4-9C1716BAE9C3}.Debug|Any CPU.ActiveCfg = Debug|Any CPU
		{85EB70EE-9D1B-49A8-A8D4-9C1716BAE9C3}.Debug|Any CPU.Build.0 = Debug|Any CPU
		{85EB70EE-9D1B-49A8-A8D4-9C1716BAE9C3}.Release|Any CPU.ActiveCfg = Release|Any CPU
		{85EB70EE-9D1B-49A8-A8D4-9C1716BAE9C3}.Release|Any CPU.Build.0 = Release|Any CPU
		{A9587146-57EF-454F-9DEB-EBFF94ED9E44}.Debug|Any CPU.ActiveCfg = Debug|Any CPU
		{A9587146-57EF-454F-9DEB-EBFF94ED9E44}.Debug|Any CPU.Build.0 = Debug|Any CPU
		{A9587146-57EF-454F-9DEB-EBFF94ED9E44}.Debug|Any CPU.Deploy.0 = Debug|Any CPU
		{A9587146-57EF-454F-9DEB-EBFF94ED9E44}.Release|Any CPU.ActiveCfg = Release|Any CPU
		{A9587146-57EF-454F-9DEB-EBFF94ED9E44}.Release|Any CPU.Build.0 = Release|Any CPU
		{A9587146-57EF-454F-9DEB-EBFF94ED9E44}.Release|Any CPU.Deploy.0 = Release|Any CPU
	EndGlobalSection
	GlobalSection(SolutionProperties) = preSolution
		HideSolutionNode = FALSE
	EndGlobalSection
	GlobalSection(ExtensibilityGlobals) = postSolution
		SolutionGuid = {621493E3-39FF-4EF0-87C6-5BC1D60F6D89}
	EndGlobalSection
EndGlobal
